// !$*UTF8*$!
{
	archiveVersion = 1;
	classes = {
	};
	objectVersion = 77;
	objects = {

/* Begin PBXContainerItemProxy section */
		C1B04B1D2CEB617000BD09F0 /* PBXContainerItemProxy */ = {
			isa = PBXContainerItemProxy;
			containerPortal = C1B04B042CEB616D00BD09F0 /* Project object */;
			proxyType = 1;
			remoteGlobalIDString = C1B04B0B2CEB616D00BD09F0;
			remoteInfo = NewsAppSwiftUI;
		};
		C1B04B272CEB617000BD09F0 /* PBXContainerItemProxy */ = {
			isa = PBXContainerItemProxy;
			containerPortal = C1B04B042CEB616D00BD09F0 /* Project object */;
			proxyType = 1;
			remoteGlobalIDString = C1B04B0B2CEB616D00BD09F0;
			remoteInfo = NewsAppSwiftUI;
		};
/* End PBXContainerItemProxy section */

/* Begin PBXFileReference section */
		C1B04B0C2CEB616D00BD09F0 /* NewsAppSwiftUI.app */ = {isa = PBXFileReference; explicitFileType = wrapper.application; includeInIndex = 0; path = NewsAppSwiftUI.app; sourceTree = BUILT_PRODUCTS_DIR; };
		C1B04B1C2CEB617000BD09F0 /* NewsAppSwiftUITests.xctest */ = {isa = PBXFileReference; explicitFileType = wrapper.cfbundle; includeInIndex = 0; path = NewsAppSwiftUITests.xctest; sourceTree = BUILT_PRODUCTS_DIR; };
		C1B04B262CEB617000BD09F0 /* NewsAppSwiftUIUITests.xctest */ = {isa = PBXFileReference; explicitFileType = wrapper.cfbundle; includeInIndex = 0; path = NewsAppSwiftUIUITests.xctest; sourceTree = BUILT_PRODUCTS_DIR; };
/* End PBXFileReference section */

/* Begin PBXFileSystemSynchronizedRootGroup section */
		C1B04B0E2CEB616D00BD09F0 /* NewsAppSwiftUI */ = {
			isa = PBXFileSystemSynchronizedRootGroup;
			path = NewsAppSwiftUI;
			sourceTree = "<group>";
		};
		C1B04B1F2CEB617000BD09F0 /* NewsAppSwiftUITests */ = {
			isa = PBXFileSystemSynchronizedRootGroup;
			path = NewsAppSwiftUITests;
			sourceTree = "<group>";
		};
		C1B04B292CEB617000BD09F0 /* NewsAppSwiftUIUITests */ = {
			isa = PBXFileSystemSynchronizedRootGroup;
			path = NewsAppSwiftUIUITests;
			sourceTree = "<group>";
		};
/* End PBXFileSystemSynchronizedRootGroup section */

/* Begin PBXFrameworksBuildPhase section */
		C1B04B092CEB616D00BD09F0 /* Frameworks */ = {
			isa = PBXFrameworksBuildPhase;
			buildActionMask = 2147483647;
			files = (
			);
			runOnlyForDeploymentPostprocessing = 0;
		};
		C1B04B192CEB617000BD09F0 /* Frameworks */ = {
			isa = PBXFrameworksBuildPhase;
			buildActionMask = 2147483647;
			files = (
			);
			runOnlyForDeploymentPostprocessing = 0;
		};
		C1B04B232CEB617000BD09F0 /* Frameworks */ = {
			isa = PBXFrameworksBuildPhase;
			buildActionMask = 2147483647;
			files = (
			);
			runOnlyForDeploymentPostprocessing = 0;
		};
/* End PBXFrameworksBuildPhase section */

/* Begin PBXGroup section */
		C1B04B032CEB616D00BD09F0 = {
			isa = PBXGroup;
			children = (
				C1B04B0E2CEB616D00BD09F0 /* NewsAppSwiftUI */,
				C1B04B1F2CEB617000BD09F0 /* NewsAppSwiftUITests */,
				C1B04B292CEB617000BD09F0 /* NewsAppSwiftUIUITests */,
				C1B04B0D2CEB616D00BD09F0 /* Products */,
			);
			sourceTree = "<group>";
		};
		C1B04B0D2CEB616D00BD09F0 /* Products */ = {
			isa = PBXGroup;
			children = (
				C1B04B0C2CEB616D00BD09F0 /* NewsAppSwiftUI.app */,
				C1B04B1C2CEB617000BD09F0 /* NewsAppSwiftUITests.xctest */,
				C1B04B262CEB617000BD09F0 /* NewsAppSwiftUIUITests.xctest */,
			);
			name = Products;
			sourceTree = "<group>";
		};
/* End PBXGroup section */

/* Begin PBXNativeTarget section */
		C1B04B0B2CEB616D00BD09F0 /* NewsAppSwiftUI */ = {
			isa = PBXNativeTarget;
			buildConfigurationList = C1B04B302CEB617000BD09F0 /* Build configuration list for PBXNativeTarget "NewsAppSwiftUI" */;
			buildPhases = (
				C1B04B082CEB616D00BD09F0 /* Sources */,
				C1B04B092CEB616D00BD09F0 /* Frameworks */,
				C1B04B0A2CEB616D00BD09F0 /* Resources */,
			);
			buildRules = (
			);
			dependencies = (
			);
			fileSystemSynchronizedGroups = (
				C1B04B0E2CEB616D00BD09F0 /* NewsAppSwiftUI */,
			);
			name = NewsAppSwiftUI;
			packageProductDependencies = (
			);
			productName = NewsAppSwiftUI;
			productReference = C1B04B0C2CEB616D00BD09F0 /* NewsAppSwiftUI.app */;
			productType = "com.apple.product-type.application";
		};
		C1B04B1B2CEB617000BD09F0 /* NewsAppSwiftUITests */ = {
			isa = PBXNativeTarget;
			buildConfigurationList = C1B04B332CEB617000BD09F0 /* Build configuration list for PBXNativeTarget "NewsAppSwiftUITests" */;
			buildPhases = (
				C1B04B182CEB617000BD09F0 /* Sources */,
				C1B04B192CEB617000BD09F0 /* Frameworks */,
				C1B04B1A2CEB617000BD09F0 /* Resources */,
			);
			buildRules = (
			);
			dependencies = (
				C1B04B1E2CEB617000BD09F0 /* PBXTargetDependency */,
			);
			fileSystemSynchronizedGroups = (
				C1B04B1F2CEB617000BD09F0 /* NewsAppSwiftUITests */,
			);
			name = NewsAppSwiftUITests;
			packageProductDependencies = (
			);
			productName = NewsAppSwiftUITests;
			productReference = C1B04B1C2CEB617000BD09F0 /* NewsAppSwiftUITests.xctest */;
			productType = "com.apple.product-type.bundle.unit-test";
		};
		C1B04B252CEB617000BD09F0 /* NewsAppSwiftUIUITests */ = {
			isa = PBXNativeTarget;
			buildConfigurationList = C1B04B362CEB617000BD09F0 /* Build configuration list for PBXNativeTarget "NewsAppSwiftUIUITests" */;
			buildPhases = (
				C1B04B222CEB617000BD09F0 /* Sources */,
				C1B04B232CEB617000BD09F0 /* Frameworks */,
				C1B04B242CEB617000BD09F0 /* Resources */,
			);
			buildRules = (
			);
			dependencies = (
				C1B04B282CEB617000BD09F0 /* PBXTargetDependency */,
			);
			fileSystemSynchronizedGroups = (
				C1B04B292CEB617000BD09F0 /* NewsAppSwiftUIUITests */,
			);
			name = NewsAppSwiftUIUITests;
			packageProductDependencies = (
			);
			productName = NewsAppSwiftUIUITests;
			productReference = C1B04B262CEB617000BD09F0 /* NewsAppSwiftUIUITests.xctest */;
			productType = "com.apple.product-type.bundle.ui-testing";
		};
/* End PBXNativeTarget section */

/* Begin PBXProject section */
		C1B04B042CEB616D00BD09F0 /* Project object */ = {
			isa = PBXProject;
			attributes = {
				BuildIndependentTargetsInParallel = 1;
				LastSwiftUpdateCheck = 1600;
				LastUpgradeCheck = 1600;
				TargetAttributes = {
					C1B04B0B2CEB616D00BD09F0 = {
						CreatedOnToolsVersion = 16.0;
					};
					C1B04B1B2CEB617000BD09F0 = {
						CreatedOnToolsVersion = 16.0;
						TestTargetID = C1B04B0B2CEB616D00BD09F0;
					};
					C1B04B252CEB617000BD09F0 = {
						CreatedOnToolsVersion = 16.0;
						TestTargetID = C1B04B0B2CEB616D00BD09F0;
					};
				};
			};
			buildConfigurationList = C1B04B072CEB616D00BD09F0 /* Build configuration list for PBXProject "NewsAppSwiftUI" */;
			developmentRegion = en;
			hasScannedForEncodings = 0;
			knownRegions = (
				en,
				Base,
			);
			mainGroup = C1B04B032CEB616D00BD09F0;
			minimizedProjectReferenceProxies = 1;
			preferredProjectObjectVersion = 77;
			productRefGroup = C1B04B0D2CEB616D00BD09F0 /* Products */;
			projectDirPath = "";
			projectRoot = "";
			targets = (
				C1B04B0B2CEB616D00BD09F0 /* NewsAppSwiftUI */,
				C1B04B1B2CEB617000BD09F0 /* NewsAppSwiftUITests */,
				C1B04B252CEB617000BD09F0 /* NewsAppSwiftUIUITests */,
			);
		};
/* End PBXProject section */

/* Begin PBXResourcesBuildPhase section */
		C1B04B0A2CEB616D00BD09F0 /* Resources */ = {
			isa = PBXResourcesBuildPhase;
			buildActionMask = 2147483647;
			files = (
			);
			runOnlyForDeploymentPostprocessing = 0;
		};
		C1B04B1A2CEB617000BD09F0 /* Resources */ = {
			isa = PBXResourcesBuildPhase;
			buildActionMask = 2147483647;
			files = (
			);
			runOnlyForDeploymentPostprocessing = 0;
		};
		C1B04B242CEB617000BD09F0 /* Resources */ = {
			isa = PBXResourcesBuildPhase;
			buildActionMask = 2147483647;
			files = (
			);
			runOnlyForDeploymentPostprocessing = 0;
		};
/* End PBXResourcesBuildPhase section */

/* Begin PBXSourcesBuildPhase section */
		C1B04B082CEB616D00BD09F0 /* Sources */ = {
			isa = PBXSourcesBuildPhase;
			buildActionMask = 2147483647;
			files = (
			);
			runOnlyForDeploymentPostprocessing = 0;
		};
		C1B04B182CEB617000BD09F0 /* Sources */ = {
			isa = PBXSourcesBuildPhase;
			buildActionMask = 2147483647;
			files = (
			);
			runOnlyForDeploymentPostprocessing = 0;
		};
		C1B04B222CEB617000BD09F0 /* Sources */ = {
			isa = PBXSourcesBuildPhase;
			buildActionMask = 2147483647;
			files = (
			);
			runOnlyForDeploymentPostprocessing = 0;
		};
/* End PBXSourcesBuildPhase section */

/* Begin PBXTargetDependency section */
		C1B04B1E2CEB617000BD09F0 /* PBXTargetDependency */ = {
			isa = PBXTargetDependency;
			target = C1B04B0B2CEB616D00BD09F0 /* NewsAppSwiftUI */;
			targetProxy = C1B04B1D2CEB617000BD09F0 /* PBXContainerItemProxy */;
		};
		C1B04B282CEB617000BD09F0 /* PBXTargetDependency */ = {
			isa = PBXTargetDependency;
			target = C1B04B0B2CEB616D00BD09F0 /* NewsAppSwiftUI */;
			targetProxy = C1B04B272CEB617000BD09F0 /* PBXContainerItemProxy */;
		};
/* End PBXTargetDependency section */

/* Begin XCBuildConfiguration section */
		C1B04B2E2CEB617000BD09F0 /* Debug */ = {
			isa = XCBuildConfiguration;
			buildSettings = {
				ALWAYS_SEARCH_USER_PATHS = NO;
				ASSETCATALOG_COMPILER_GENERATE_SWIFT_ASSET_SYMBOL_EXTENSIONS = YES;
				CLANG_ANALYZER_NONNULL = YES;
				CLANG_ANALYZER_NUMBER_OBJECT_CONVERSION = YES_AGGRESSIVE;
				CLANG_CXX_LANGUAGE_STANDARD = "gnu++20";
				CLANG_ENABLE_MODULES = YES;
				CLANG_ENABLE_OBJC_ARC = YES;
				CLANG_ENABLE_OBJC_WEAK = YES;
				CLANG_WARN_BLOCK_CAPTURE_AUTORELEASING = YES;
				CLANG_WARN_BOOL_CONVERSION = YES;
				CLANG_WARN_COMMA = YES;
				CLANG_WARN_CONSTANT_CONVERSION = YES;
				CLANG_WARN_DEPRECATED_OBJC_IMPLEMENTATIONS = YES;
				CLANG_WARN_DIRECT_OBJC_ISA_USAGE = YES_ERROR;
				CLANG_WARN_DOCUMENTATION_COMMENTS = YES;
				CLANG_WARN_EMPTY_BODY = YES;
				CLANG_WARN_ENUM_CONVERSION = YES;
				CLANG_WARN_INFINITE_RECURSION = YES;
				CLANG_WARN_INT_CONVERSION = YES;
				CLANG_WARN_NON_LITERAL_NULL_CONVERSION = YES;
				CLANG_WARN_OBJC_IMPLICIT_RETAIN_SELF = YES;
				CLANG_WARN_OBJC_LITERAL_CONVERSION = YES;
				CLANG_WARN_OBJC_ROOT_CLASS = YES_ERROR;
				CLANG_WARN_QUOTED_INCLUDE_IN_FRAMEWORK_HEADER = YES;
				CLANG_WARN_RANGE_LOOP_ANALYSIS = YES;
				CLANG_WARN_STRICT_PROTOTYPES = YES;
				CLANG_WARN_SUSPICIOUS_MOVE = YES;
				CLANG_WARN_UNGUARDED_AVAILABILITY = YES_AGGRESSIVE;
				CLANG_WARN_UNREACHABLE_CODE = YES;
				CLANG_WARN__DUPLICATE_METHOD_MATCH = YES;
				COPY_PHASE_STRIP = NO;
				DEBUG_INFORMATION_FORMAT = dwarf;
				ENABLE_STRICT_OBJC_MSGSEND = YES;
				ENABLE_TESTABILITY = YES;
				ENABLE_USER_SCRIPT_SANDBOXING = YES;
				GCC_C_LANGUAGE_STANDARD = gnu17;
				GCC_DYNAMIC_NO_PIC = NO;
				GCC_NO_COMMON_BLOCKS = YES;
				GCC_OPTIMIZATION_LEVEL = 0;
				GCC_PREPROCESSOR_DEFINITIONS = (
					"DEBUG=1",
					"$(inherited)",
				);
				GCC_WARN_64_TO_32_BIT_CONVERSION = YES;
				GCC_WARN_ABOUT_RETURN_TYPE = YES_ERROR;
				GCC_WARN_UNDECLARED_SELECTOR = YES;
				GCC_WARN_UNINITIALIZED_AUTOS = YES_AGGRESSIVE;
				GCC_WARN_UNUSED_FUNCTION = YES;
				GCC_WARN_UNUSED_VARIABLE = YES;
				IPHONEOS_DEPLOYMENT_TARGET = 18.0;
				LOCALIZATION_PREFERS_STRING_CATALOGS = YES;
				MTL_ENABLE_DEBUG_INFO = INCLUDE_SOURCE;
				MTL_FAST_MATH = YES;
				ONLY_ACTIVE_ARCH = YES;
				SDKROOT = iphoneos;
				SWIFT_ACTIVE_COMPILATION_CONDITIONS = "DEBUG $(inherited)";
				SWIFT_OPTIMIZATION_LEVEL = "-Onone";
			};
			name = Debug;
		};
		C1B04B2F2CEB617000BD09F0 /* Release */ = {
			isa = XCBuildConfiguration;
			buildSettings = {
				ALWAYS_SEARCH_USER_PATHS = NO;
				ASSETCATALOG_COMPILER_GENERATE_SWIFT_ASSET_SYMBOL_EXTENSIONS = YES;
				CLANG_ANALYZER_NONNULL = YES;
				CLANG_ANALYZER_NUMBER_OBJECT_CONVERSION = YES_AGGRESSIVE;
				CLANG_CXX_LANGUAGE_STANDARD = "gnu++20";
				CLANG_ENABLE_MODULES = YES;
				CLANG_ENABLE_OBJC_ARC = YES;
				CLANG_ENABLE_OBJC_WEAK = YES;
				CLANG_WARN_BLOCK_CAPTURE_AUTORELEASING = YES;
				CLANG_WARN_BOOL_CONVERSION = YES;
				CLANG_WARN_COMMA = YES;
				CLANG_WARN_CONSTANT_CONVERSION = YES;
				CLANG_WARN_DEPRECATED_OBJC_IMPLEMENTATIONS = YES;
				CLANG_WARN_DIRECT_OBJC_ISA_USAGE = YES_ERROR;
				CLANG_WARN_DOCUMENTATION_COMMENTS = YES;
				CLANG_WARN_EMPTY_BODY = YES;
				CLANG_WARN_ENUM_CONVERSION = YES;
				CLANG_WARN_INFINITE_RECURSION = YES;
				CLANG_WARN_INT_CONVERSION = YES;
				CLANG_WARN_NON_LITERAL_NULL_CONVERSION = YES;
				CLANG_WARN_OBJC_IMPLICIT_RETAIN_SELF = YES;
				CLANG_WARN_OBJC_LITERAL_CONVERSION = YES;
				CLANG_WARN_OBJC_ROOT_CLASS = YES_ERROR;
				CLANG_WARN_QUOTED_INCLUDE_IN_FRAMEWORK_HEADER = YES;
				CLANG_WARN_RANGE_LOOP_ANALYSIS = YES;
				CLANG_WARN_STRICT_PROTOTYPES = YES;
				CLANG_WARN_SUSPICIOUS_MOVE = YES;
				CLANG_WARN_UNGUARDED_AVAILABILITY = YES_AGGRESSIVE;
				CLANG_WARN_UNREACHABLE_CODE = YES;
				CLANG_WARN__DUPLICATE_METHOD_MATCH = YES;
				COPY_PHASE_STRIP = NO;
				DEBUG_INFORMATION_FORMAT = "dwarf-with-dsym";
				ENABLE_NS_ASSERTIONS = NO;
				ENABLE_STRICT_OBJC_MSGSEND = YES;
				ENABLE_USER_SCRIPT_SANDBOXING = YES;
				GCC_C_LANGUAGE_STANDARD = gnu17;
				GCC_NO_COMMON_BLOCKS = YES;
				GCC_WARN_64_TO_32_BIT_CONVERSION = YES;
				GCC_WARN_ABOUT_RETURN_TYPE = YES_ERROR;
				GCC_WARN_UNDECLARED_SELECTOR = YES;
				GCC_WARN_UNINITIALIZED_AUTOS = YES_AGGRESSIVE;
				GCC_WARN_UNUSED_FUNCTION = YES;
				GCC_WARN_UNUSED_VARIABLE = YES;
				IPHONEOS_DEPLOYMENT_TARGET = 18.0;
				LOCALIZATION_PREFERS_STRING_CATALOGS = YES;
				MTL_ENABLE_DEBUG_INFO = NO;
				MTL_FAST_MATH = YES;
				SDKROOT = iphoneos;
				SWIFT_COMPILATION_MODE = wholemodule;
				VALIDATE_PRODUCT = YES;
			};
			name = Release;
		};
		C1B04B312CEB617000BD09F0 /* Debug */ = {
			isa = XCBuildConfiguration;
			buildSettings = {
				ASSETCATALOG_COMPILER_APPICON_NAME = AppIcon;
				ASSETCATALOG_COMPILER_GLOBAL_ACCENT_COLOR_NAME = AccentColor;
				CODE_SIGN_STYLE = Automatic;
				CURRENT_PROJECT_VERSION = 1;
				DEVELOPMENT_ASSET_PATHS = "\"NewsAppSwiftUI/Preview Content\"";
				ENABLE_PREVIEWS = YES;
				GENERATE_INFOPLIST_FILE = YES;
				INFOPLIST_KEY_UIApplicationSceneManifest_Generation = YES;
				INFOPLIST_KEY_UIApplicationSupportsIndirectInputEvents = YES;
				INFOPLIST_KEY_UILaunchScreen_Generation = YES;
				INFOPLIST_KEY_UISupportedInterfaceOrientations_iPad = "UIInterfaceOrientationPortrait UIInterfaceOrientationPortraitUpsideDown UIInterfaceOrientationLandscapeLeft UIInterfaceOrientationLandscapeRight";
				INFOPLIST_KEY_UISupportedInterfaceOrientations_iPhone = "UIInterfaceOrientationPortrait UIInterfaceOrientationLandscapeLeft UIInterfaceOrientationLandscapeRight";
				LD_RUNPATH_SEARCH_PATHS = (
					"$(inherited)",
					"@executable_path/Frameworks",
				);
				MARKETING_VERSION = 1.0;
				PRODUCT_BUNDLE_IDENTIFIER = com.TestApp.NewsAppSwiftUI;
				PRODUCT_NAME = "$(TARGET_NAME)";
				SWIFT_EMIT_LOC_STRINGS = YES;
				SWIFT_VERSION = 5.0;
				TARGETED_DEVICE_FAMILY = "1,2";
			};
			name = Debug;
		};
		C1B04B322CEB617000BD09F0 /* Release */ = {
			isa = XCBuildConfiguration;
			buildSettings = {
				ASSETCATALOG_COMPILER_APPICON_NAME = AppIcon;
				ASSETCATALOG_COMPILER_GLOBAL_ACCENT_COLOR_NAME = AccentColor;
				CODE_SIGN_STYLE = Automatic;
				CURRENT_PROJECT_VERSION = 1;
				DEVELOPMENT_ASSET_PATHS = "\"NewsAppSwiftUI/Preview Content\"";
				ENABLE_PREVIEWS = YES;
				GENERATE_INFOPLIST_FILE = YES;
				INFOPLIST_KEY_UIApplicationSceneManifest_Generation = YES;
				INFOPLIST_KEY_UIApplicationSupportsIndirectInputEvents = YES;
				INFOPLIST_KEY_UILaunchScreen_Generation = YES;
				INFOPLIST_KEY_UISupportedInterfaceOrientations_iPad = "UIInterfaceOrientationPortrait UIInterfaceOrientationPortraitUpsideDown UIInterfaceOrientationLandscapeLeft UIInterfaceOrientationLandscapeRight";
				INFOPLIST_KEY_UISupportedInterfaceOrientations_iPhone = "UIInterfaceOrientationPortrait UIInterfaceOrientationLandscapeLeft UIInterfaceOrientationLandscapeRight";
				LD_RUNPATH_SEARCH_PATHS = (
					"$(inherited)",
					"@executable_path/Frameworks",
				);
				MARKETING_VERSION = 1.0;
				PRODUCT_BUNDLE_IDENTIFIER = com.TestApp.NewsAppSwiftUI;
				PRODUCT_NAME = "$(TARGET_NAME)";
				SWIFT_EMIT_LOC_STRINGS = YES;
				SWIFT_VERSION = 5.0;
				TARGETED_DEVICE_FAMILY = "1,2";
			};
			name = Release;
		};
		C1B04B342CEB617000BD09F0 /* Debug */ = {
			isa = XCBuildConfiguration;
			buildSettings = {
				BUNDLE_LOADER = "$(TEST_HOST)";
				CODE_SIGN_STYLE = Automatic;
				CURRENT_PROJECT_VERSION = 1;
				GENERATE_INFOPLIST_FILE = YES;
				IPHONEOS_DEPLOYMENT_TARGET = 18.0;
				MARKETING_VERSION = 1.0;
				PRODUCT_BUNDLE_IDENTIFIER = com.TestApp.NewsAppSwiftUITests;
				PRODUCT_NAME = "$(TARGET_NAME)";
				SWIFT_EMIT_LOC_STRINGS = NO;
				SWIFT_VERSION = 5.0;
				TARGETED_DEVICE_FAMILY = "1,2";
				TEST_HOST = "$(BUILT_PRODUCTS_DIR)/NewsAppSwiftUI.app/$(BUNDLE_EXECUTABLE_FOLDER_PATH)/NewsAppSwiftUI";
			};
			name = Debug;
		};
		C1B04B352CEB617000BD09F0 /* Release */ = {
			isa = XCBuildConfiguration;
			buildSettings = {
				BUNDLE_LOADER = "$(TEST_HOST)";
				CODE_SIGN_STYLE = Automatic;
				CURRENT_PROJECT_VERSION = 1;
				GENERATE_INFOPLIST_FILE = YES;
				IPHONEOS_DEPLOYMENT_TARGET = 18.0;
				MARKETING_VERSION = 1.0;
				PRODUCT_BUNDLE_IDENTIFIER = com.TestApp.NewsAppSwiftUITests;
				PRODUCT_NAME = "$(TARGET_NAME)";
				SWIFT_EMIT_LOC_STRINGS = NO;
				SWIFT_VERSION = 5.0;
				TARGETED_DEVICE_FAMILY = "1,2";
				TEST_HOST = "$(BUILT_PRODUCTS_DIR)/NewsAppSwiftUI.app/$(BUNDLE_EXECUTABLE_FOLDER_PATH)/NewsAppSwiftUI";
			};
			name = Release;
		};
		C1B04B372CEB617000BD09F0 /* Debug */ = {
			isa = XCBuildConfiguration;
			buildSettings = {
				CODE_SIGN_STYLE = Automatic;
				CURRENT_PROJECT_VERSION = 1;
				GENERATE_INFOPLIST_FILE = YES;
				MARKETING_VERSION = 1.0;
				PRODUCT_BUNDLE_IDENTIFIER = com.TestApp.NewsAppSwiftUIUITests;
				PRODUCT_NAME = "$(TARGET_NAME)";
				SWIFT_EMIT_LOC_STRINGS = NO;
				SWIFT_VERSION = 5.0;
				TARGETED_DEVICE_FAMILY = "1,2";
				TEST_TARGET_NAME = NewsAppSwiftUI;
			};
			name = Debug;
		};
		C1B04B382CEB617000BD09F0 /* Release */ = {
			isa = XCBuildConfiguration;
			buildSettings = {
				CODE_SIGN_STYLE = Automatic;
				CURRENT_PROJECT_VERSION = 1;
				GENERATE_INFOPLIST_FILE = YES;
				MARKETING_VERSION = 1.0;
				PRODUCT_BUNDLE_IDENTIFIER = com.TestApp.NewsAppSwiftUIUITests;
				PRODUCT_NAME = "$(TARGET_NAME)";
				SWIFT_EMIT_LOC_STRINGS = NO;
				SWIFT_VERSION = 5.0;
				TARGETED_DEVICE_FAMILY = "1,2";
				TEST_TARGET_NAME = NewsAppSwiftUI;
			};
			name = Release;
		};
/* End XCBuildConfiguration section */

/* Begin XCConfigurationList section */
		C1B04B072CEB616D00BD09F0 /* Build configuration list for PBXProject "NewsAppSwiftUI" */ = {
			isa = XCConfigurationList;
			buildConfigurations = (
				C1B04B2E2CEB617000BD09F0 /* Debug */,
				C1B04B2F2CEB617000BD09F0 /* Release */,
			);
			defaultConfigurationIsVisible = 0;
			defaultConfigurationName = Release;
		};
		C1B04B302CEB617000BD09F0 /* Build configuration list for PBXNativeTarget "NewsAppSwiftUI" */ = {
			isa = XCConfigurationList;
			buildConfigurations = (
				C1B04B312CEB617000BD09F0 /* Debug */,
				C1B04B322CEB617000BD09F0 /* Release */,
			);
			defaultConfigurationIsVisible = 0;
			defaultConfigurationName = Release;
		};
		C1B04B332CEB617000BD09F0 /* Build configuration list for PBXNativeTarget "NewsAppSwiftUITests" */ = {
			isa = XCConfigurationList;
			buildConfigurations = (
				C1B04B342CEB617000BD09F0 /* Debug */,
				C1B04B352CEB617000BD09F0 /* Release */,
			);
			defaultConfigurationIsVisible = 0;
			defaultConfigurationName = Release;
		};
		C1B04B362CEB617000BD09F0 /* Build configuration list for PBXNativeTarget "NewsAppSwiftUIUITests" */ = {
			isa = XCConfigurationList;
			buildConfigurations = (
				C1B04B372CEB617000BD09F0 /* Debug */,
				C1B04B382CEB617000BD09F0 /* Release */,
			);
			defaultConfigurationIsVisible = 0;
			defaultConfigurationName = Release;
		};
/* End XCConfigurationList section */
	};
	rootObject = C1B04B042CEB616D00BD09F0 /* Project object */;
}
